
Microsoft Visual Studio Solution File, Format Version 12.00
# Visual Studio 15
VisualStudioVersion = 15.0.28307.539
MinimumVisualStudioVersion = 10.0.40219.1
Project("{FAE04EC0-301F-11D3-BF4B-00C04F79EFBC}") = "task_six", "task_six\task_six.csproj", "{532D2333-8703-49AD-A0F3-D25810A28A5B}"
EndProject
Global
	GlobalSection(SolutionConfigurationPlatforms) = preSolution
		Debug|Any CPU = Debug|Any CPU
		Release|Any CPU = Release|Any CPU
	EndGlobalSection
	GlobalSection(ProjectConfigurationPlatforms) = postSolution
		{532D2333-8703-49AD-A0F3-D25810A28A5B}.Debug|Any CPU.ActiveCfg = Debug|Any CPU
		{532D2333-8703-49AD-A0F3-D25810A28A5B}.Debug|Any CPU.Build.0 = Debug|Any CPU
		{532D2333-8703-49AD-A0F3-D25810A28A5B}.Release|Any CPU.ActiveCfg = Release|Any CPU
		{532D2333-8703-49AD-A0F3-D25810A28A5B}.Release|Any CPU.Build.0 = Release|Any CPU
	EndGlobalSection
	GlobalSection(SolutionProperties) = preSolution
		HideSolutionNode = FALSE
	EndGlobalSection
	GlobalSection(ExtensibilityGlobals) = postSolution
		SolutionGuid = {A64C1C33-D01F-479B-987E-46EC3C7A3458}
	EndGlobalSection
EndGlobal
